{
  "name": "cc2145a2fe1558fa",
  "lockfileVersion": 3,
  "requires": true,
  "packages": {
    "": {
      "dependencies": {
        "create-next-app": "^16.0.1"
      }
    },
    "node_modules/create-next-app": {
      "version": "16.0.1",
      "resolved": "https://registry.npmjs.org/create-next-app/-/create-next-app-16.0.1.tgz",
      "integrity": "sha512-fWqNb/L9pLUyLLPboNWWVji7MLcJMdZDtnDvkNQFr3oLKH0w/DkAvCLsPsH+YRG7/57rWl45zRqh8dWfWg/Hvg==",
      "license": "MIT",
      "bin": {
        "create-next-app": "dist/index.js"
      },
      "engines": {
        "node": ">=20.9.0"
      }
    }
  }
}
